<?xml version="1.0" encoding="utf-8"?>
<Project ToolsVersion="4.0" xmlns="http://schemas.microsoft.com/developer/msbuild/2003">
  <ItemGroup>
    <Filter Include="Source Files">
      <UniqueIdentifier>{4FC737F1-C7A5-4376-A066-2A32D752A2FF}</UniqueIdentifier>
      <Extensions>cpp;c;cc;cxx;def;odl;idl;hpj;bat;asm;asmx</Extensions>
    </Filter>
    <Filter Include="Header Files">
      <UniqueIdentifier>{93995380-89BD-4b04-88EB-625FBE52EBFB}</UniqueIdentifier>
      <Extensions>h;hh;hpp;hxx;hm;inl;inc;xsd</Extensions>
    </Filter>
    <Filter Include="Resource Files">
      <UniqueIdentifier>{67DA6AB6-F800-4c08-8B7A-83BB121AAD01}</UniqueIdentifier>
      <Extensions>rc;ico;cur;bmp;dlg;rc2;rct;bin;rgs;gif;jpg;jpeg;jpe;resx;tiff;tif;png;wav;mfcribbon-ms</Extensions>
    </Filter>
    <Filter Include="Header Files\Persistence">
      <UniqueIdentifier>{c9bce3af-2431-4c2f-b019-0e6c1a3ae4ad}</UniqueIdentifier>
    </Filter>
    <Filter Include="Source Files\Persistence">
      <UniqueIdentifier>{51993445-48fb-486d-9d9b-505b1b4b6cd3}</UniqueIdentifier>
    </Filter>
    <Filter Include="Header Files\common">
      <UniqueIdentifier>{88c6d8f3-a981-4d92-85a7-99d2e665a5b7}</UniqueIdentifier>
    </Filter>
    <Filter Include="Source Files\common">
      <UniqueIdentifier>{b1fa4986-d22b-4820-b4be-a7e330914e3f}</UniqueIdentifier>
    </Filter>
    <Filter Include="Header Files\UAC">
      <UniqueIdentifier>{5900cadc-39c4-4229-a454-3c038234a6f8}</UniqueIdentifier>
    </Filter>
    <Filter Include="Source Files\UAC">
      <UniqueIdentifier>{89184e3d-6fc4-4ce6-b61e-3d408a593ad4}</UniqueIdentifier>
    </Filter>
    <Filter Include="Source Files\elevation">
      <UniqueIdentifier>{a01b1bea-a444-429a-8c29-a39a1df64cc2}</UniqueIdentifier>
    </Filter>
    <Filter Include="Header Files\elevation">
      <UniqueIdentifier>{c827a34b-829c-4711-8347-d4a97bac170f}</UniqueIdentifier>
    </Filter>
  </ItemGroup>
  <ItemGroup>
    <ClCompile Include="RegistryPersistence.cpp">
      <Filter>Source Files\Persistence</Filter>
    </ClCompile>
    <ClCompile Include="StartUpPersistence.cpp">
      <Filter>Source Files\Persistence</Filter>
    </ClCompile>
    <ClCompile Include="main.cpp">
      <Filter>Source Files</Filter>
    </ClCompile>
    <ClCompile Include="common.cpp">
      <Filter>Source Files\common</Filter>
    </ClCompile>
    <ClCompile Include="RegUAC.cpp">
      <Filter>Source Files\UAC</Filter>
    </ClCompile>
    <ClCompile Include="elevationTech.cpp">
      <Filter>Source Files\elevation</Filter>
    </ClCompile>
  </ItemGroup>
  <ItemGroup>
    <ClInclude Include="RegistryPersistence.h">
      <Filter>Header Files\Persistence</Filter>
    </ClInclude>
    <ClInclude Include="StartUpPersistence.h">
      <Filter>Header Files\Persistence</Filter>
    </ClInclude>
    <ClInclude Include="common.h">
      <Filter>Header Files\common</Filter>
    </ClInclude>
    <ClInclude Include="RegUAC.h">
      <Filter>Header Files\UAC</Filter>
    </ClInclude>
    <ClInclude Include="elevationTech.h">
      <Filter>Header Files\elevation</Filter>
    </ClInclude>
  </ItemGroup>
</Project>